// !$*UTF8*$!
{
	archiveVersion = 1;
	classes = {
	};
	objectVersion = 50;
	objects = {

/* Begin PBXBuildFile section */
		7279F922260F62850039216E /* AppDelegate.swift in Sources */ = {isa = PBXBuildFile; fileRef = 7279F921260F62850039216E /* AppDelegate.swift */; };
		7279F924260F62850039216E /* SceneDelegate.swift in Sources */ = {isa = PBXBuildFile; fileRef = 7279F923260F62850039216E /* SceneDelegate.swift */; };
		7279F926260F62850039216E /* ViewController.swift in Sources */ = {isa = PBXBuildFile; fileRef = 7279F925260F62850039216E /* ViewController.swift */; };
		7279F929260F62850039216E /* Main.storyboard in Resources */ = {isa = PBXBuildFile; fileRef = 7279F927260F62850039216E /* Main.storyboard */; };
		7279F92B260F628B0039216E /* Assets.xcassets in Resources */ = {isa = PBXBuildFile; fileRef = 7279F92A260F628B0039216E /* Assets.xcassets */; };
		7279F92E260F628B0039216E /* LaunchScreen.storyboard in Resources */ = {isa = PBXBuildFile; fileRef = 7279F92C260F628B0039216E /* LaunchScreen.storyboard */; };
		7279F939260F628C0039216E /* ReminderTests.swift in Sources */ = {isa = PBXBuildFile; fileRef = 7279F938260F628C0039216E /* ReminderTests.swift */; };
		7279F944260F628C0039216E /* ReminderUITests.swift in Sources */ = {isa = PBXBuildFile; fileRef = 7279F943260F628C0039216E /* ReminderUITests.swift */; };
		7279F955260F6E820039216E /* AddViewController.swift in Sources */ = {isa = PBXBuildFile; fileRef = 7279F954260F6E820039216E /* AddViewController.swift */; };
		72F20B392613117800755F12 /* NoteViewController.swift in Sources */ = {isa = PBXBuildFile; fileRef = 72F20B382613117800755F12 /* NoteViewController.swift */; };
/* End PBXBuildFile section */

/* Begin PBXContainerItemProxy section */
		7279F935260F628C0039216E /* PBXContainerItemProxy */ = {
			isa = PBXContainerItemProxy;
			containerPortal = 7279F916260F62840039216E /* Project object */;
			proxyType = 1;
			remoteGlobalIDString = 7279F91D260F62840039216E;
			remoteInfo = Reminder;
		};
		7279F940260F628C0039216E /* PBXContainerItemProxy */ = {
			isa = PBXContainerItemProxy;
			containerPortal = 7279F916260F62840039216E /* Project object */;
			proxyType = 1;
			remoteGlobalIDString = 7279F91D260F62840039216E;
			remoteInfo = Reminder;
		};
/* End PBXContainerItemProxy section */

/* Begin PBXFileReference section */
		7279F91E260F62850039216E /* Reminder.app */ = {isa = PBXFileReference; explicitFileType = wrapper.application; includeInIndex = 0; path = Reminder.app; sourceTree = BUILT_PRODUCTS_DIR; };
		7279F921260F62850039216E /* AppDelegate.swift */ = {isa = PBXFileReference; lastKnownFileType = sourcecode.swift; path = AppDelegate.swift; sourceTree = "<group>"; };
		7279F923260F62850039216E /* SceneDelegate.swift */ = {isa = PBXFileReference; lastKnownFileType = sourcecode.swift; path = SceneDelegate.swift; sourceTree = "<group>"; };
		7279F925260F62850039216E /* ViewController.swift */ = {isa = PBXFileReference; lastKnownFileType = sourcecode.swift; path = ViewController.swift; sourceTree = "<group>"; };
		7279F928260F62850039216E /* Base */ = {isa = PBXFileReference; lastKnownFileType = file.storyboard; name = Base; path = Base.lproj/Main.storyboard; sourceTree = "<group>"; };
		7279F92A260F628B0039216E /* Assets.xcassets */ = {isa = PBXFileReference; lastKnownFileType = folder.assetcatalog; path = Assets.xcassets; sourceTree = "<group>"; };
		7279F92D260F628B0039216E /* Base */ = {isa = PBXFileReference; lastKnownFileType = file.storyboard; name = Base; path = Base.lproj/LaunchScreen.storyboard; sourceTree = "<group>"; };
		7279F92F260F628B0039216E /* Info.plist */ = {isa = PBXFileReference; lastKnownFileType = text.plist.xml; path = Info.plist; sourceTree = "<group>"; };
		7279F934260F628C0039216E /* ReminderTests.xctest */ = {isa = PBXFileReference; explicitFileType = wrapper.cfbundle; includeInIndex = 0; path = ReminderTests.xctest; sourceTree = BUILT_PRODUCTS_DIR; };
		7279F938260F628C0039216E /* ReminderTests.swift */ = {isa = PBXFileReference; lastKnownFileType = sourcecode.swift; path = ReminderTests.swift; sourceTree = "<group>"; };
		7279F93A260F628C0039216E /* Info.plist */ = {isa = PBXFileReference; lastKnownFileType = text.plist.xml; path = Info.plist; sourceTree = "<group>"; };
		7279F93F260F628C0039216E /* ReminderUITests.xctest */ = {isa = PBXFileReference; explicitFileType = wrapper.cfbundle; includeInIndex = 0; path = ReminderUITests.xctest; sourceTree = BUILT_PRODUCTS_DIR; };
		7279F943260F628C0039216E /* ReminderUITests.swift */ = {isa = PBXFileReference; lastKnownFileType = sourcecode.swift; path = ReminderUITests.swift; sourceTree = "<group>"; };
		7279F945260F628C0039216E /* Info.plist */ = {isa = PBXFileReference; lastKnownFileType = text.plist.xml; path = Info.plist; sourceTree = "<group>"; };
		7279F954260F6E820039216E /* AddViewController.swift */ = {isa = PBXFileReference; lastKnownFileType = sourcecode.swift; path = AddViewController.swift; sourceTree = "<group>"; };
		72F20B382613117800755F12 /* NoteViewController.swift */ = {isa = PBXFileReference; lastKnownFileType = sourcecode.swift; path = NoteViewController.swift; sourceTree = "<group>"; };
/* End PBXFileReference section */

/* Begin PBXFrameworksBuildPhase section */
		7279F91B260F62840039216E /* Frameworks */ = {
			isa = PBXFrameworksBuildPhase;
			buildActionMask = 2147483647;
			files = (
			);
			runOnlyForDeploymentPostprocessing = 0;
		};
		7279F931260F628C0039216E /* Frameworks */ = {
			isa = PBXFrameworksBuildPhase;
			buildActionMask = 2147483647;
			files = (
			);
			runOnlyForDeploymentPostprocessing = 0;
		};
		7279F93C260F628C0039216E /* Frameworks */ = {
			isa = PBXFrameworksBuildPhase;
			buildActionMask = 2147483647;
			files = (
			);
			runOnlyForDeploymentPostprocessing = 0;
		};
/* End PBXFrameworksBuildPhase section */

/* Begin PBXGroup section */
		7279F915260F62840039216E = {
			isa = PBXGroup;
			children = (
				7279F920260F62850039216E /* Reminder */,
				7279F937260F628C0039216E /* ReminderTests */,
				7279F942260F628C0039216E /* ReminderUITests */,
				7279F91F260F62850039216E /* Products */,
			);
			sourceTree = "<group>";
		};
		7279F91F260F62850039216E /* Products */ = {
			isa = PBXGroup;
			children = (
				7279F91E260F62850039216E /* Reminder.app */,
				7279F934260F628C0039216E /* ReminderTests.xctest */,
				7279F93F260F628C0039216E /* ReminderUITests.xctest */,
			);
			name = Products;
			sourceTree = "<group>";
		};
		7279F920260F62850039216E /* Reminder */ = {
			isa = PBXGroup;
			children = (
				7279F921260F62850039216E /* AppDelegate.swift */,
				7279F923260F62850039216E /* SceneDelegate.swift */,
				7279F925260F62850039216E /* ViewController.swift */,
				7279F927260F62850039216E /* Main.storyboard */,
				7279F92A260F628B0039216E /* Assets.xcassets */,
				7279F92C260F628B0039216E /* LaunchScreen.storyboard */,
				7279F92F260F628B0039216E /* Info.plist */,
				7279F954260F6E820039216E /* AddViewController.swift */,
				72F20B382613117800755F12 /* NoteViewController.swift */,
			);
			path = Reminder;
			sourceTree = "<group>";
		};
		7279F937260F628C0039216E /* ReminderTests */ = {
			isa = PBXGroup;
			children = (
				7279F938260F628C0039216E /* ReminderTests.swift */,
				7279F93A260F628C0039216E /* Info.plist */,
			);
			path = ReminderTests;
			sourceTree = "<group>";
		};
		7279F942260F628C0039216E /* ReminderUITests */ = {
			isa = PBXGroup;
			children = (
				7279F943260F628C0039216E /* ReminderUITests.swift */,
				7279F945260F628C0039216E /* Info.plist */,
			);
			path = ReminderUITests;
			sourceTree = "<group>";
		};
/* End PBXGroup section */

/* Begin PBXNativeTarget section */
		7279F91D260F62840039216E /* Reminder */ = {
			isa = PBXNativeTarget;
			buildConfigurationList = 7279F948260F628C0039216E /* Build configuration list for PBXNativeTarget "Reminder" */;
			buildPhases = (
				7279F91A260F62840039216E /* Sources */,
				7279F91B260F62840039216E /* Frameworks */,
				7279F91C260F62840039216E /* Resources */,
			);
			buildRules = (
			);
			dependencies = (
			);
			name = Reminder;
			productName = Reminder;
			productReference = 7279F91E260F62850039216E /* Reminder.app */;
			productType = "com.apple.product-type.application";
		};
		7279F933260F628C0039216E /* ReminderTests */ = {
			isa = PBXNativeTarget;
			buildConfigurationList = 7279F94B260F628C0039216E /* Build configuration list for PBXNativeTarget "ReminderTests" */;
			buildPhases = (
				7279F930260F628C0039216E /* Sources */,
				7279F931260F628C0039216E /* Frameworks */,
				7279F932260F628C0039216E /* Resources */,
			);
			buildRules = (
			);
			dependencies = (
				7279F936260F628C0039216E /* PBXTargetDependency */,
			);
			name = ReminderTests;
			productName = ReminderTests;
			productReference = 7279F934260F628C0039216E /* ReminderTests.xctest */;
			productType = "com.apple.product-type.bundle.unit-test";
		};
		7279F93E260F628C0039216E /* ReminderUITests */ = {
			isa = PBXNativeTarget;
			buildConfigurationList = 7279F94E260F628C0039216E /* Build configuration list for PBXNativeTarget "ReminderUITests" */;
			buildPhases = (
				7279F93B260F628C0039216E /* Sources */,
				7279F93C260F628C0039216E /* Frameworks */,
				7279F93D260F628C0039216E /* Resources */,
			);
			buildRules = (
			);
			dependencies = (
				7279F941260F628C0039216E /* PBXTargetDependency */,
			);
			name = ReminderUITests;
			productName = ReminderUITests;
			productReference = 7279F93F260F628C0039216E /* ReminderUITests.xctest */;
			productType = "com.apple.product-type.bundle.ui-testing";
		};
/* End PBXNativeTarget section */

/* Begin PBXProject section */
		7279F916260F62840039216E /* Project object */ = {
			isa = PBXProject;
			attributes = {
				LastSwiftUpdateCheck = 1240;
				LastUpgradeCheck = 1240;
				TargetAttributes = {
					7279F91D260F62840039216E = {
						CreatedOnToolsVersion = 12.4;
					};
					7279F933260F628C0039216E = {
						CreatedOnToolsVersion = 12.4;
						TestTargetID = 7279F91D260F62840039216E;
					};
					7279F93E260F628C0039216E = {
						CreatedOnToolsVersion = 12.4;
						TestTargetID = 7279F91D260F62840039216E;
					};
				};
			};
			buildConfigurationList = 7279F919260F62840039216E /* Build configuration list for PBXProject "Reminder" */;
			compatibilityVersion = "Xcode 9.3";
			developmentRegion = en;
			hasScannedForEncodings = 0;
			knownRegions = (
				en,
				Base,
			);
			mainGroup = 7279F915260F62840039216E;
			productRefGroup = 7279F91F260F62850039216E /* Products */;
			projectDirPath = "";
			projectRoot = "";
			targets = (
				7279F91D260F62840039216E /* Reminder */,
				7279F933260F628C0039216E /* ReminderTests */,
				7279F93E260F628C0039216E /* ReminderUITests */,
			);
		};
/* End PBXProject section */

/* Begin PBXResourcesBuildPhase section */
		7279F91C260F62840039216E /* Resources */ = {
			isa = PBXResourcesBuildPhase;
			buildActionMask = 2147483647;
			files = (
				7279F92E260F628B0039216E /* LaunchScreen.storyboard in Resources */,
				7279F92B260F628B0039216E /* Assets.xcassets in Resources */,
				7279F929260F62850039216E /* Main.storyboard in Resources */,
			);
			runOnlyForDeploymentPostprocessing = 0;
		};
		7279F932260F628C0039216E /* Resources */ = {
			isa = PBXResourcesBuildPhase;
			buildActionMask = 2147483647;
			files = (
			);
			runOnlyForDeploymentPostprocessing = 0;
		};
		7279F93D260F628C0039216E /* Resources */ = {
			isa = PBXResourcesBuildPhase;
			buildActionMask = 2147483647;
			files = (
			);
			runOnlyForDeploymentPostprocessing = 0;
		};
/* End PBXResourcesBuildPhase section */

/* Begin PBXSourcesBuildPhase section */
		7279F91A260F62840039216E /* Sources */ = {
			isa = PBXSourcesBuildPhase;
			buildActionMask = 2147483647;
			files = (
				7279F926260F62850039216E /* ViewController.swift in Sources */,
				7279F922260F62850039216E /* AppDelegate.swift in Sources */,
				7279F955260F6E820039216E /* AddViewController.swift in Sources */,
				72F20B392613117800755F12 /* NoteViewController.swift in Sources */,
				7279F924260F62850039216E /* SceneDelegate.swift in Sources */,
			);
			runOnlyForDeploymentPostprocessing = 0;
		};
		7279F930260F628C0039216E /* Sources */ = {
			isa = PBXSourcesBuildPhase;
			buildActionMask = 2147483647;
			files = (
				7279F939260F628C0039216E /* ReminderTests.swift in Sources */,
			);
			runOnlyForDeploymentPostprocessing = 0;
		};
		7279F93B260F628C0039216E /* Sources */ = {
			isa = PBXSourcesBuildPhase;
			buildActionMask = 2147483647;
			files = (
				7279F944260F628C0039216E /* ReminderUITests.swift in Sources */,
			);
			runOnlyForDeploymentPostprocessing = 0;
		};
/* End PBXSourcesBuildPhase section */

/* Begin PBXTargetDependency section */
		7279F936260F628C0039216E /* PBXTargetDependency */ = {
			isa = PBXTargetDependency;
			target = 7279F91D260F62840039216E /* Reminder */;
			targetProxy = 7279F935260F628C0039216E /* PBXContainerItemProxy */;
		};
		7279F941260F628C0039216E /* PBXTargetDependency */ = {
			isa = PBXTargetDependency;
			target = 7279F91D260F62840039216E /* Reminder */;
			targetProxy = 7279F940260F628C0039216E /* PBXContainerItemProxy */;
		};
/* End PBXTargetDependency section */

/* Begin PBXVariantGroup section */
		7279F927260F62850039216E /* Main.storyboard */ = {
			isa = PBXVariantGroup;
			children = (
				7279F928260F62850039216E /* Base */,
			);
			name = Main.storyboard;
			sourceTree = "<group>";
		};
		7279F92C260F628B0039216E /* LaunchScreen.storyboard */ = {
			isa = PBXVariantGroup;
			children = (
				7279F92D260F628B0039216E /* Base */,
			);
			name = LaunchScreen.storyboard;
			sourceTree = "<group>";
		};
/* End PBXVariantGroup section */

/* Begin XCBuildConfiguration section */
		7279F946260F628C0039216E /* Debug */ = {
			isa = XCBuildConfiguration;
			buildSettings = {
				ALWAYS_SEARCH_USER_PATHS = NO;
				CLANG_ANALYZER_NONNULL = YES;
				CLANG_ANALYZER_NUMBER_OBJECT_CONVERSION = YES_AGGRESSIVE;
				CLANG_CXX_LANGUAGE_STANDARD = "gnu++14";
				CLANG_CXX_LIBRARY = "libc++";
				CLANG_ENABLE_MODULES = YES;
				CLANG_ENABLE_OBJC_ARC = YES;
				CLANG_ENABLE_OBJC_WEAK = YES;
				CLANG_WARN_BLOCK_CAPTURE_AUTORELEASING = YES;
				CLANG_WARN_BOOL_CONVERSION = YES;
				CLANG_WARN_COMMA = YES;
				CLANG_WARN_CONSTANT_CONVERSION = YES;
				CLANG_WARN_DEPRECATED_OBJC_IMPLEMENTATIONS = YES;
				CLANG_WARN_DIRECT_OBJC_ISA_USAGE = YES_ERROR;
				CLANG_WARN_DOCUMENTATION_COMMENTS = YES;
				CLANG_WARN_EMPTY_BODY = YES;
				CLANG_WARN_ENUM_CONVERSION = YES;
				CLANG_WARN_INFINITE_RECURSION = YES;
				CLANG_WARN_INT_CONVERSION = YES;
				CLANG_WARN_NON_LITERAL_NULL_CONVERSION = YES;
				CLANG_WARN_OBJC_IMPLICIT_RETAIN_SELF = YES;
				CLANG_WARN_OBJC_LITERAL_CONVERSION = YES;
				CLANG_WARN_OBJC_ROOT_CLASS = YES_ERROR;
				CLANG_WARN_QUOTED_INCLUDE_IN_FRAMEWORK_HEADER = YES;
				CLANG_WARN_RANGE_LOOP_ANALYSIS = YES;
				CLANG_WARN_STRICT_PROTOTYPES = YES;
				CLANG_WARN_SUSPICIOUS_MOVE = YES;
				CLANG_WARN_UNGUARDED_AVAILABILITY = YES_AGGRESSIVE;
				CLANG_WARN_UNREACHABLE_CODE = YES;
				CLANG_WARN__DUPLICATE_METHOD_MATCH = YES;
				COPY_PHASE_STRIP = NO;
				DEBUG_INFORMATION_FORMAT = dwarf;
				ENABLE_STRICT_OBJC_MSGSEND = YES;
				ENABLE_TESTABILITY = YES;
				GCC_C_LANGUAGE_STANDARD = gnu11;
				GCC_DYNAMIC_NO_PIC = NO;
				GCC_NO_COMMON_BLOCKS = YES;
				GCC_OPTIMIZATION_LEVEL = 0;
				GCC_PREPROCESSOR_DEFINITIONS = (
					"DEBUG=1",
					"$(inherited)",
				);
				GCC_WARN_64_TO_32_BIT_CONVERSION = YES;
				GCC_WARN_ABOUT_RETURN_TYPE = YES_ERROR;
				GCC_WARN_UNDECLARED_SELECTOR = YES;
				GCC_WARN_UNINITIALIZED_AUTOS = YES_AGGRESSIVE;
				GCC_WARN_UNUSED_FUNCTION = YES;
				GCC_WARN_UNUSED_VARIABLE = YES;
				IPHONEOS_DEPLOYMENT_TARGET = 14.4;
				MTL_ENABLE_DEBUG_INFO = INCLUDE_SOURCE;
				MTL_FAST_MATH = YES;
				ONLY_ACTIVE_ARCH = YES;
				SDKROOT = iphoneos;
				SWIFT_ACTIVE_COMPILATION_CONDITIONS = DEBUG;
				SWIFT_OPTIMIZATION_LEVEL = "-Onone";
			};
			name = Debug;
		};
		7279F947260F628C0039216E /* Release */ = {
			isa = XCBuildConfiguration;
			buildSettings = {
				ALWAYS_SEARCH_USER_PATHS = NO;
				CLANG_ANALYZER_NONNULL = YES;
				CLANG_ANALYZER_NUMBER_OBJECT_CONVERSION = YES_AGGRESSIVE;
				CLANG_CXX_LANGUAGE_STANDARD = "gnu++14";
				CLANG_CXX_LIBRARY = "libc++";
				CLANG_ENABLE_MODULES = YES;
				CLANG_ENABLE_OBJC_ARC = YES;
				CLANG_ENABLE_OBJC_WEAK = YES;
				CLANG_WARN_BLOCK_CAPTURE_AUTORELEASING = YES;
				CLANG_WARN_BOOL_CONVERSION = YES;
				CLANG_WARN_COMMA = YES;
				CLANG_WARN_CONSTANT_CONVERSION = YES;
				CLANG_WARN_DEPRECATED_OBJC_IMPLEMENTATIONS = YES;
				CLANG_WARN_DIRECT_OBJC_ISA_USAGE = YES_ERROR;
				CLANG_WARN_DOCUMENTATION_COMMENTS = YES;
				CLANG_WARN_EMPTY_BODY = YES;
				CLANG_WARN_ENUM_CONVERSION = YES;
				CLANG_WARN_INFINITE_RECURSION = YES;
				CLANG_WARN_INT_CONVERSION = YES;
				CLANG_WARN_NON_LITERAL_NULL_CONVERSION = YES;
				CLANG_WARN_OBJC_IMPLICIT_RETAIN_SELF = YES;
				CLANG_WARN_OBJC_LITERAL_CONVERSION = YES;
				CLANG_WARN_OBJC_ROOT_CLASS = YES_ERROR;
				CLANG_WARN_QUOTED_INCLUDE_IN_FRAMEWORK_HEADER = YES;
				CLANG_WARN_RANGE_LOOP_ANALYSIS = YES;
				CLANG_WARN_STRICT_PROTOTYPES = YES;
				CLANG_WARN_SUSPICIOUS_MOVE = YES;
				CLANG_WARN_UNGUARDED_AVAILABILITY = YES_AGGRESSIVE;
				CLANG_WARN_UNREACHABLE_CODE = YES;
				CLANG_WARN__DUPLICATE_METHOD_MATCH = YES;
				COPY_PHASE_STRIP = NO;
				DEBUG_INFORMATION_FORMAT = "dwarf-with-dsym";
				ENABLE_NS_ASSERTIONS = NO;
				ENABLE_STRICT_OBJC_MSGSEND = YES;
				GCC_C_LANGUAGE_STANDARD = gnu11;
				GCC_NO_COMMON_BLOCKS = YES;
				GCC_WARN_64_TO_32_BIT_CONVERSION = YES;
				GCC_WARN_ABOUT_RETURN_TYPE = YES_ERROR;
				GCC_WARN_UNDECLARED_SELECTOR = YES;
				GCC_WARN_UNINITIALIZED_AUTOS = YES_AGGRESSIVE;
				GCC_WARN_UNUSED_FUNCTION = YES;
				GCC_WARN_UNUSED_VARIABLE = YES;
				IPHONEOS_DEPLOYMENT_TARGET = 14.4;
				MTL_ENABLE_DEBUG_INFO = NO;
				MTL_FAST_MATH = YES;
				SDKROOT = iphoneos;
				SWIFT_COMPILATION_MODE = wholemodule;
				SWIFT_OPTIMIZATION_LEVEL = "-O";
				VALIDATE_PRODUCT = YES;
			};
			name = Release;
		};
		7279F949260F628C0039216E /* Debug */ = {
			isa = XCBuildConfiguration;
			buildSettings = {
				ASSETCATALOG_COMPILER_APPICON_NAME = AppIcon;
				ASSETCATALOG_COMPILER_GLOBAL_ACCENT_COLOR_NAME = AccentColor;
				CODE_SIGN_STYLE = Automatic;
				DEVELOPMENT_TEAM = S5W44JTQV9;
				INFOPLIST_FILE = Reminder/Info.plist;
				LD_RUNPATH_SEARCH_PATHS = (
					"$(inherited)",
					"@executable_path/Frameworks",
				);
				PRODUCT_BUNDLE_IDENTIFIER = olyabv.Reminder;
				PRODUCT_NAME = "$(TARGET_NAME)";
				SWIFT_VERSION = 5.0;
				TARGETED_DEVICE_FAMILY = "1,2";
			};
			name = Debug;
		};
		7279F94A260F628C0039216E /* Release */ = {
			isa = XCBuildConfiguration;
			buildSettings = {
				ASSETCATALOG_COMPILER_APPICON_NAME = AppIcon;
				ASSETCATALOG_COMPILER_GLOBAL_ACCENT_COLOR_NAME = AccentColor;
				CODE_SIGN_STYLE = Automatic;
				DEVELOPMENT_TEAM = S5W44JTQV9;
				INFOPLIST_FILE = Reminder/Info.plist;
				LD_RUNPATH_SEARCH_PATHS = (
					"$(inherited)",
					"@executable_path/Frameworks",
				);
				PRODUCT_BUNDLE_IDENTIFIER = olyabv.Reminder;
				PRODUCT_NAME = "$(TARGET_NAME)";
				SWIFT_VERSION = 5.0;
				TARGETED_DEVICE_FAMILY = "1,2";
			};
			name = Release;
		};
		7279F94C260F628C0039216E /* Debug */ = {
			isa = XCBuildConfiguration;
			buildSettings = {
				ALWAYS_EMBED_SWIFT_STANDARD_LIBRARIES = YES;
				BUNDLE_LOADER = "$(TEST_HOST)";
				CODE_SIGN_STYLE = Automatic;
				DEVELOPMENT_TEAM = S5W44JTQV9;
				INFOPLIST_FILE = ReminderTests/Info.plist;
				IPHONEOS_DEPLOYMENT_TARGET = 14.4;
				LD_RUNPATH_SEARCH_PATHS = (
					"$(inherited)",
					"@executable_path/Frameworks",
					"@loader_path/Frameworks",
				);
				PRODUCT_BUNDLE_IDENTIFIER = olyabv.ReminderTests;
				PRODUCT_NAME = "$(TARGET_NAME)";
				SWIFT_VERSION = 5.0;
				TARGETED_DEVICE_FAMILY = "1,2";
				TEST_HOST = "$(BUILT_PRODUCTS_DIR)/Reminder.app/Reminder";
			};
			name = Debug;
		};
		7279F94D260F628C0039216E /* Release */ = {
			isa = XCBuildConfiguration;
			buildSettings = {
				ALWAYS_EMBED_SWIFT_STANDARD_LIBRARIES = YES;
				BUNDLE_LOADER = "$(TEST_HOST)";
				CODE_SIGN_STYLE = Automatic;
				DEVELOPMENT_TEAM = S5W44JTQV9;
				INFOPLIST_FILE = ReminderTests/Info.plist;
				IPHONEOS_DEPLOYMENT_TARGET = 14.4;
				LD_RUNPATH_SEARCH_PATHS = (
					"$(inherited)",
					"@executable_path/Frameworks",
					"@loader_path/Frameworks",
				);
				PRODUCT_BUNDLE_IDENTIFIER = olyabv.ReminderTests;
				PRODUCT_NAME = "$(TARGET_NAME)";
				SWIFT_VERSION = 5.0;
				TARGETED_DEVICE_FAMILY = "1,2";
				TEST_HOST = "$(BUILT_PRODUCTS_DIR)/Reminder.app/Reminder";
			};
			name = Release;
		};
		7279F94F260F628C0039216E /* Debug */ = {
			isa = XCBuildConfiguration;
			buildSettings = {
				ALWAYS_EMBED_SWIFT_STANDARD_LIBRARIES = YES;
				CODE_SIGN_STYLE = Automatic;
				DEVELOPMENT_TEAM = S5W44JTQV9;
				INFOPLIST_FILE = ReminderUITests/Info.plist;
				LD_RUNPATH_SEARCH_PATHS = (
					"$(inherited)",
					"@executable_path/Frameworks",
					"@loader_path/Frameworks",
				);
				PRODUCT_BUNDLE_IDENTIFIER = olyabv.ReminderUITests;
				PRODUCT_NAME = "$(TARGET_NAME)";
				SWIFT_VERSION = 5.0;
				TARGETED_DEVICE_FAMILY = "1,2";
				TEST_TARGET_NAME = Reminder;
			};
			name = Debug;
		};
		7279F950260F628C0039216E /* Release */ = {
			isa = XCBuildConfiguration;
			buildSettings = {
				ALWAYS_EMBED_SWIFT_STANDARD_LIBRARIES = YES;
				CODE_SIGN_STYLE = Automatic;
				DEVELOPMENT_TEAM = S5W44JTQV9;
				INFOPLIST_FILE = ReminderUITests/Info.plist;
				LD_RUNPATH_SEARCH_PATHS = (
					"$(inherited)",
					"@executable_path/Frameworks",
					"@loader_path/Frameworks",
				);
				PRODUCT_BUNDLE_IDENTIFIER = olyabv.ReminderUITests;
				PRODUCT_NAME = "$(TARGET_NAME)";
				SWIFT_VERSION = 5.0;
				TARGETED_DEVICE_FAMILY = "1,2";
				TEST_TARGET_NAME = Reminder;
			};
			name = Release;
		};
/* End XCBuildConfiguration section */

/* Begin XCConfigurationList section */
		7279F919260F62840039216E /* Build configuration list for PBXProject "Reminder" */ = {
			isa = XCConfigurationList;
			buildConfigurations = (
				7279F946260F628C0039216E /* Debug */,
				7279F947260F628C0039216E /* Release */,
			);
			defaultConfigurationIsVisible = 0;
			defaultConfigurationName = Release;
		};
		7279F948260F628C0039216E /* Build configuration list for PBXNativeTarget "Reminder" */ = {
			isa = XCConfigurationList;
			buildConfigurations = (
				7279F949260F628C0039216E /* Debug */,
				7279F94A260F628C0039216E /* Release */,
			);
			defaultConfigurationIsVisible = 0;
			defaultConfigurationName = Release;
		};
		7279F94B260F628C0039216E /* Build configuration list for PBXNativeTarget "ReminderTests" */ = {
			isa = XCConfigurationList;
			buildConfigurations = (
				7279F94C260F628C0039216E /* Debug */,
				7279F94D260F628C0039216E /* Release */,
			);
			defaultConfigurationIsVisible = 0;
			defaultConfigurationName = Release;
		};
		7279F94E260F628C0039216E /* Build configuration list for PBXNativeTarget "ReminderUITests" */ = {
			isa = XCConfigurationList;
			buildConfigurations = (
				7279F94F260F628C0039216E /* Debug */,
				7279F950260F628C0039216E /* Release */,
			);
			defaultConfigurationIsVisible = 0;
			defaultConfigurationName = Release;
		};
/* End XCConfigurationList section */
	};
	rootObject = 7279F916260F62840039216E /* Project object */;
}
